#============================================================
# Build by Terasic System Builder
#============================================================

set_global_assignment -name FAMILY "Cyclone V"
set_global_assignment -name DEVICE 5CSEMA5F31C6
set_global_assignment -name TOP_LEVEL_ENTITY "adc_uart_daq"
set_global_assignment -name ORIGINAL_QUARTUS_VERSION "14.0"
set_global_assignment -name LAST_QUARTUS_VERSION "25.1std.0 Lite Edition"
set_global_assignment -name PROJECT_CREATION_TIME_DATE "15:24:34 AUGUST 05,2026"
set_global_assignment -name DEVICE_FILTER_PACKAGE FBGA
set_global_assignment -name DEVICE_FILTER_PIN_COUNT 896
set_global_assignment -name DEVICE_FILTER_SPEED_GRADE 6
set_global_assignment -name SDC_FILE adc_uart_daq.SDC

#============================================================
# ADC
#============================================================
set_location_assignment PIN_AJ4 -to ADC_CS_N
set_instance_assignment -name IO_STANDARD "3.3-V LVTTL" -to ADC_CS_N
set_location_assignment PIN_AK4 -to ADC_DIN
set_instance_assignment -name IO_STANDARD "3.3-V LVTTL" -to ADC_DIN
set_location_assignment PIN_AK3 -to ADC_DOUT
set_instance_assignment -name IO_STANDARD "3.3-V LVTTL" -to ADC_DOUT
set_location_assignment PIN_AK2 -to ADC_SCLK
set_instance_assignment -name IO_STANDARD "3.3-V LVTTL" -to ADC_SCLK

#============================================================
# End of pin assignments by Terasic System Builder
#============================================================


set_global_assignment -name PARTITION_NETLIST_TYPE SOURCE -section_id Top
set_global_assignment -name PARTITION_FITTER_PRESERVATION_LEVEL PLACEMENT_AND_ROUTING -section_id Top
set_global_assignment -name PARTITION_COLOR 16764057 -section_id Top
set_location_assignment PIN_AC18 -to GPIO_0[0]
set_location_assignment PIN_AF14 -to CLOCK_50
set_instance_assignment -name IO_STANDARD "3.3-V LVTTL" -to GPIO_0[0]
set_instance_assignment -name IO_STANDARD "3.3-V LVTTL" -to CLOCK_50
set_instance_assignment -name PARTITION_HIERARCHY root_partition -to | -section_id Top